{
  "name": "@inloopx/tslint-config-inloopx",
  "version": "1.0.0",
  "lockfileVersion": 1,
  "requires": true,
  "dependencies": {
    "@fimbul/bifrost": {
      "version": "0.9.0",
      "resolved": "http://85.248.2.170:4873/@fimbul%2fbifrost/-/bifrost-0.9.0.tgz",
      "integrity": "sha512-efruzazTrtkipgpC166pSK3fAc+5n55B0wrLbpkO33dO6OJtI0LxP5u89OQV9I3tp6oCOZB2p4+7+CwulVmAkA==",
      "requires": {
        "@fimbul/ymir": "^0.9.0",
        "get-caller-file": "^1.0.2",
        "tslib": "^1.8.1",
        "tsutils": "^2.24.0"
      }
    },
    "@fimbul/ymir": {
      "version": "0.9.0",
      "resolved": "http://85.248.2.170:4873/@fimbul%2fymir/-/ymir-0.9.0.tgz",
      "integrity": "sha512-IR3wvH2Lae6ab96CKT68Xj/o8Ozpoq8ifRnxlKmhIqHLSnABaVdJ1Mta3DGyI7wElQQsGQUySkEv/eJiL/AxTg==",
      "requires": {
        "inversify": "^4.10.0",
        "reflect-metadata": "^0.1.12",
        "tslib": "^1.8.1"
      }
    },
    "doctrine": {
      "version": "0.7.2",
      "resolved": "http://85.248.2.170:4873/doctrine/-/doctrine-0.7.2.tgz",
      "integrity": "sha1-fLhgNZujvpDgQLJrcpzkv6ZUxSM=",
      "requires": {
        "esutils": "^1.1.6",
        "isarray": "0.0.1"
      }
    },
    "esutils": {
      "version": "1.1.6",
      "resolved": "http://85.248.2.170:4873/esutils/-/esutils-1.1.6.tgz",
      "integrity": "sha1-wBzKqa5LiXxtDD4hCuUvPHqEQ3U="
    },
    "get-caller-file": {
      "version": "1.0.2",
      "resolved": "http://85.248.2.170:4873/get-caller-file/-/get-caller-file-1.0.2.tgz",
      "integrity": "sha1-9wLmMSfn4jHBYKgMFVSstw1QR+U="
    },
    "inversify": {
      "version": "4.13.0",
      "resolved": "http://85.248.2.170:4873/inversify/-/inversify-4.13.0.tgz",
      "integrity": "sha512-O5d8y7gKtyRwrvTLZzYET3kdFjqUy58sGpBYMARF13mzqDobpfBXVOPLH7HmnD2VR6Q+1HzZtslGvsdQfeb0SA=="
    },
    "isarray": {
      "version": "0.0.1",
      "resolved": "http://85.248.2.170:4873/isarray/-/isarray-0.0.1.tgz",
      "integrity": "sha1-ihis/Kmo9Bd+Cav8YDiTmwXR7t8="
    },
    "reflect-metadata": {
      "version": "0.1.12",
      "resolved": "http://85.248.2.170:4873/reflect-metadata/-/reflect-metadata-0.1.12.tgz",
      "integrity": "sha512-n+IyV+nGz3+0q3/Yf1ra12KpCyi001bi4XFxSjbiWWjfqb52iTTtpGXmCCAOWWIAn9KEuFZKGqBERHmrtScZ3A=="
    },
    "tslib": {
      "version": "1.9.2",
      "resolved": "http://85.248.2.170:4873/tslib/-/tslib-1.9.2.tgz",
      "integrity": "sha512-AVP5Xol3WivEr7hnssHDsaM+lVrVXWUvd1cfXTRkTj80b//6g2wIFEH6hZG0muGZRnHGrfttpdzRk3YlBkWjKw=="
    },
    "tslint-config-airbnb": {
      "version": "5.9.2",
      "resolved": "http://85.248.2.170:4873/tslint-config-airbnb/-/tslint-config-airbnb-5.9.2.tgz",
      "integrity": "sha512-7hT9VoPxT64Xk68+Ak4rhHCaVja6jHFIE6koeHCbZTz1XKUUVX4qZTHUZBLVS/0CmuyDJ1U/8ALyqn+gFxZgbQ==",
      "requires": {
        "tslint-consistent-codestyle": "^1.10.0",
        "tslint-eslint-rules": "^5.3.1",
        "tslint-microsoft-contrib": "~5.0.1"
      }
    },
    "tslint-config-prettier": {
      "version": "1.13.0",
      "resolved": "http://85.248.2.170:4873/tslint-config-prettier/-/tslint-config-prettier-1.13.0.tgz",
      "integrity": "sha512-assE77K7K8Q9j8CVIHiU3d1uoKc8N5v7UPpkQ9IE8BEPWkvSYR37lDuYekDlAMFqR1IpD6CrS+uOJLl6pw7Wdw=="
    },
    "tslint-consistent-codestyle": {
      "version": "1.13.1",
      "resolved": "http://85.248.2.170:4873/tslint-consistent-codestyle/-/tslint-consistent-codestyle-1.13.1.tgz",
      "integrity": "sha512-t4BRGtjuejYikhcOrpR8GjaSBrN3lwP9iMlO9vbhA6SCGeJvebfNMLeo7PY2ZhXdwkjdTh0mMWV4zDyLs9FKYg==",
      "requires": {
        "@fimbul/bifrost": "^0.9.0",
        "tslib": "^1.7.1",
        "tsutils": "^2.27.0"
      }
    },
    "tslint-eslint-rules": {
      "version": "5.3.1",
      "resolved": "http://85.248.2.170:4873/tslint-eslint-rules/-/tslint-eslint-rules-5.3.1.tgz",
      "integrity": "sha512-qq2H/AU/FlFbQJKXuxhtIk+ni/nQu9jHHhsFKa6hnA0/n3zl1/RWRc3TVFlL8HfWFMzkST350VeTrFpy1u4OUg==",
      "requires": {
        "doctrine": "0.7.2",
        "tslib": "1.9.0",
        "tsutils": "2.8.0"
      },
      "dependencies": {
        "tslib": {
          "version": "1.9.0",
          "resolved": "http://85.248.2.170:4873/tslib/-/tslib-1.9.0.tgz",
          "integrity": "sha512-f/qGG2tUkrISBlQZEjEqoZ3B2+npJjIf04H1wuAv9iA8i04Icp+61KRXxFdha22670NJopsZCIjhC3SnjPRKrQ=="
        },
        "tsutils": {
          "version": "2.8.0",
          "resolved": "http://85.248.2.170:4873/tsutils/-/tsutils-2.8.0.tgz",
          "integrity": "sha1-AWAXNymzvxOGKN0UoVN+AIUdgUo=",
          "requires": {
            "tslib": "^1.7.1"
          }
        }
      }
    },
    "tslint-microsoft-contrib": {
      "version": "5.0.3",
      "resolved": "http://85.248.2.170:4873/tslint-microsoft-contrib/-/tslint-microsoft-contrib-5.0.3.tgz",
      "integrity": "sha512-5AnfTGlfpUzpRHLmoojPBKFTTmbjnwgdaTHMdllausa4GBPya5u36i9ddrTX4PhetGZvd4JUYIpAmgHqVnsctg==",
      "requires": {
        "tsutils": "^2.12.1"
      }
    },
    "tslint-react": {
      "version": "3.6.0",
      "resolved": "http://85.248.2.170:4873/tslint-react/-/tslint-react-3.6.0.tgz",
      "integrity": "sha512-AIv1QcsSnj7e9pFir6cJ6vIncTqxfqeFF3Lzh8SuuBljueYzEAtByuB6zMaD27BL0xhMEqsZ9s5eHuCONydjBw==",
      "requires": {
        "tsutils": "^2.13.1"
      }
    },
    "tsutils": {
      "version": "2.27.1",
      "resolved": "http://85.248.2.170:4873/tsutils/-/tsutils-2.27.1.tgz",
      "integrity": "sha512-AE/7uzp32MmaHvNNFES85hhUDHFdFZp6OAiZcd6y4ZKKIg6orJTm8keYWBhIhrJQH3a4LzNKat7ZPXZt5aTf6w==",
      "requires": {
        "tslib": "^1.8.1"
      }
    }
  }
}
